
Microsoft Visual Studio Solution File, Format Version 12.00
# Visual Studio Version 17
VisualStudioVersion = 17.4.33403.182
MinimumVisualStudioVersion = 10.0.40219.1
Project("{FAE04EC0-301F-11D3-BF4B-00C04F79EFBC}") = "Donguler-While-Foreach", "Donguler-While-Foreach\Donguler-While-Foreach.csproj", "{B547A84A-05E9-4B13-A82E-389DB59662A2}"
EndProject
Global
	GlobalSection(SolutionConfigurationPlatforms) = preSolution
		Debug|Any CPU = Debug|Any CPU
		Release|Any CPU = Release|Any CPU
	EndGlobalSection
	GlobalSection(ProjectConfigurationPlatforms) = postSolution
		{B547A84A-05E9-4B13-A82E-389DB59662A2}.Debug|Any CPU.ActiveCfg = Debug|Any CPU
		{B547A84A-05E9-4B13-A82E-389DB59662A2}.Debug|Any CPU.Build.0 = Debug|Any CPU
		{B547A84A-05E9-4B13-A82E-389DB59662A2}.Release|Any CPU.ActiveCfg = Release|Any CPU
		{B547A84A-05E9-4B13-A82E-389DB59662A2}.Release|Any CPU.Build.0 = Release|Any CPU
	EndGlobalSection
	GlobalSection(SolutionProperties) = preSolution
		HideSolutionNode = FALSE
	EndGlobalSection
	GlobalSection(ExtensibilityGlobals) = postSolution
		SolutionGuid = {2CCF1AF9-6C8C-4568-B53C-C395F1C2D207}
	EndGlobalSection
EndGlobal
